
Microsoft Visual Studio Solution File, Format Version 12.00
# Visual Studio Version 17
VisualStudioVersion = 17.9.34728.123
MinimumVisualStudioVersion = 10.0.40219.1
Project("{FAE04EC0-301F-11D3-BF4B-00C04F79EFBC}") = "ECSLypo.CLI", "ECSLypo.CLI\ECSLypo.CLI.csproj", "{FEB396E0-88E6-44E4-9927-13E40B004F39}"
EndProject
Global
	GlobalSection(SolutionConfigurationPlatforms) = preSolution
		Debug|Any CPU = Debug|Any CPU
		Release|Any CPU = Release|Any CPU
	EndGlobalSection
	GlobalSection(ProjectConfigurationPlatforms) = postSolution
		{FEB396E0-88E6-44E4-9927-13E40B004F39}.Debug|Any CPU.ActiveCfg = Debug|Any CPU
		{FEB396E0-88E6-44E4-9927-13E40B004F39}.Debug|Any CPU.Build.0 = Debug|Any CPU
		{FEB396E0-88E6-44E4-9927-13E40B004F39}.Release|Any CPU.ActiveCfg = Release|Any CPU
		{FEB396E0-88E6-44E4-9927-13E40B004F39}.Release|Any CPU.Build.0 = Release|Any CPU
	EndGlobalSection
	GlobalSection(SolutionProperties) = preSolution
		HideSolutionNode = FALSE
	EndGlobalSection
	GlobalSection(ExtensibilityGlobals) = postSolution
		SolutionGuid = {02E6A9B8-2B19-4B30-ABCB-D413F56557CE}
	EndGlobalSection
EndGlobal
